
Microsoft Visual Studio Solution File, Format Version 12.00
# Visual Studio Version 17
VisualStudioVersion = 17.14.36221.1
MinimumVisualStudioVersion = 10.0.40219.1
Project("{FAE04EC0-301F-11D3-BF4B-00C04F79EFBC}") = "DynamicButtonUIChange", "DynamicButtonUIChange\DynamicButtonUIChange.csproj", "{868A52C5-4807-431E-B0E6-C49E724F8A56}"
EndProject
Project("{FAE04EC0-301F-11D3-BF4B-00C04F79EFBC}") = "DynamicUIChange_Prism", "DynamicUIChange_Prism\DynamicUIChange_Prism.csproj", "{0B7EC9C1-4E9C-463C-B017-9BDA37A4D162}"
EndProject
Project("{FAE04EC0-301F-11D3-BF4B-00C04F79EFBC}") = "DinumicUIChange_Livet", "DinumicUIChange_Livet\DinumicUIChange_Livet.csproj", "{2FB46423-5AFC-43BD-91DB-5C0C74BA339E}"
EndProject
Project("{FAE04EC0-301F-11D3-BF4B-00C04F79EFBC}") = "TestProject1", "TestProject1\TestProject1.csproj", "{4D7667C4-EBBC-4CE6-8235-72D87538026A}"
EndProject
Global
	GlobalSection(SolutionConfigurationPlatforms) = preSolution
		Debug|Any CPU = Debug|Any CPU
		Release|Any CPU = Release|Any CPU
	EndGlobalSection
	GlobalSection(ProjectConfigurationPlatforms) = postSolution
		{868A52C5-4807-431E-B0E6-C49E724F8A56}.Debug|Any CPU.ActiveCfg = Debug|Any CPU
		{868A52C5-4807-431E-B0E6-C49E724F8A56}.Debug|Any CPU.Build.0 = Debug|Any CPU
		{868A52C5-4807-431E-B0E6-C49E724F8A56}.Release|Any CPU.ActiveCfg = Release|Any CPU
		{868A52C5-4807-431E-B0E6-C49E724F8A56}.Release|Any CPU.Build.0 = Release|Any CPU
		{0B7EC9C1-4E9C-463C-B017-9BDA37A4D162}.Debug|Any CPU.ActiveCfg = Debug|Any CPU
		{0B7EC9C1-4E9C-463C-B017-9BDA37A4D162}.Debug|Any CPU.Build.0 = Debug|Any CPU
		{0B7EC9C1-4E9C-463C-B017-9BDA37A4D162}.Release|Any CPU.ActiveCfg = Release|Any CPU
		{0B7EC9C1-4E9C-463C-B017-9BDA37A4D162}.Release|Any CPU.Build.0 = Release|Any CPU
		{2FB46423-5AFC-43BD-91DB-5C0C74BA339E}.Debug|Any CPU.ActiveCfg = Debug|Any CPU
		{2FB46423-5AFC-43BD-91DB-5C0C74BA339E}.Debug|Any CPU.Build.0 = Debug|Any CPU
		{2FB46423-5AFC-43BD-91DB-5C0C74BA339E}.Release|Any CPU.ActiveCfg = Release|Any CPU
		{2FB46423-5AFC-43BD-91DB-5C0C74BA339E}.Release|Any CPU.Build.0 = Release|Any CPU
		{4D7667C4-EBBC-4CE6-8235-72D87538026A}.Debug|Any CPU.ActiveCfg = Debug|Any CPU
		{4D7667C4-EBBC-4CE6-8235-72D87538026A}.Debug|Any CPU.Build.0 = Debug|Any CPU
		{4D7667C4-EBBC-4CE6-8235-72D87538026A}.Release|Any CPU.ActiveCfg = Release|Any CPU
		{4D7667C4-EBBC-4CE6-8235-72D87538026A}.Release|Any CPU.Build.0 = Release|Any CPU
	EndGlobalSection
	GlobalSection(SolutionProperties) = preSolution
		HideSolutionNode = FALSE
	EndGlobalSection
	GlobalSection(ExtensibilityGlobals) = postSolution
		SolutionGuid = {E6FEB49E-6EFD-4843-8AD3-43944127A844}
	EndGlobalSection
EndGlobal
